github.com/Dreamacro/protobytes v0.0.0-20230617041236-6500a9f4f158 h1:JFnwKplz9hj8ubqYjm8HkgZS1Rvz9yW+u/XCNNTxr0k=
github.com/Dreamacro/protobytes v0.0.0-20230617041236-6500a9f4f158/go.mod h1:QvmEZ/h6KXszPOr2wUFl7Zn3hfFNYdfbXwPVDTyZs6k=
github.com/RyuaNerin/elliptic2 v1.0.0/go.mod h1:wWB8fWrJI/6EPJkyV/r1Rj0hxUgrusmqSj8JN6yNf/A=
github.com/RyuaNerin/go-krypto v1.2.4 h1:mXuNdK6M317aPV0llW6Xpjbo4moOlPF7Yxz4tb4b4Go=
github.com/RyuaNerin/go-krypto v1.2.4/go.mod h1:QqCYkoutU3yInyD9INt2PGolVRsc3W4oraQadVGXJ/8=
github.com/Yawning/aez v0.0.0-20211027044916-e49e68abd344 h1:cDVUiFo+npB0ZASqnw4q90ylaVAbnYyx0JYqK4YcGok=
github.com/Yawning/aez v0.0.0-20211027044916-e49e68abd344/go.mod h1:9pIqrY6SXNL8vjRQE5Hd/OL5GyK/9MrGUWs87z/eFfk=
github.com/Yewenyu/GoLimiter v0.0.1 h1:WygxRZwwldapgPohtgJI7c/6xPMPAi7fFpgute3ppXM=
github.com/Yewenyu/GoLimiter v0.0.1/go.mod h1:fKZDAqzCU1//Z8k1cBmfEqRasbEDsyzHHRwvXtH3gPM=
github.com/aead/chacha20 v0.0.0-20180709150244-8b13a72661da h1:KjTM2ks9d14ZYCvmHS9iAKVt9AyzRSqNU1qabPih5BY=
github.com/aead/chacha20 v0.0.0-20180709150244-8b13a72661da/go.mod h1:eHEWzANqSiWQsof+nXEI9bUVUyV6F53Fp89EuCh2EAA=
github.com/andybalholm/brotli v1.0.6 h1:Yf9fFpf49Zrxb9NlQaluyE92/+X7UVHlhMNJN2sxfOI=
github.com/andybalholm/brotli v1.0.6/go.mod h1:fO7iG3H7G2nSZ7m0zPUDn85XEX2GTukHGRSepvi9Eig=
github.com/cloudflare/circl v1.3.7 h1:qlCDlTPz2n9fu58M0Nh1J/JzcFpfgkFHHX3O35r5vcU=
github.com/cloudflare/circl v1.3.7/go.mod h1:sRTcRWXGLrKw6yIGJ+l7amYJFfAXbZG0kBSc8r4zxgA=
github.com/davecgh/go-spew v1.1.0/go.mod h1:J7Y8YcW2NihsgmVo/mv3lAwl/skON4iLHjSsI+c5H38=
github.com/davecgh/go-spew v1.1.1 h1:vj9j/u1bqnvCEfJOwUhtlOARqs3+rkHYY13jYWTU97c=
github.com/davecgh/go-spew v1.1.1/go.mod h1:J7Y8YcW2NihsgmVo/mv3lAwl/skON4iLHjSsI+c5H38=
github.com/dlclark/regexp2 v1.10.0 h1:+/GIL799phkJqYW+3YbOd8LCcbHzT0Pbo8zl70MHsq0=
github.com/dlclark/regexp2 v1.10.0/go.mod h1:DHkYz0B9wPfa6wondMfaivmHpzrQ3v9q8cnmRbL6yW8=
github.com/ericlagergren/aegis v0.0.0-20230312195928-b4ce538b56f9 h1:/5RkVc9Rc81XmMyVqawCiDyrBHZbLAZgTTCqou4mwj8=
github.com/ericlagergren/aegis v0.0.0-20230312195928-b4ce538b56f9/go.mod h1:hkIFzoiIPZYxdFOOLyDho59b7SrDfo+w3h+yWdlg45I=
github.com/ericlagergren/polyval v0.0.0-20220411101811-e25bc10ba391 h1:8j2RH289RJplhA6WfdaPqzg1MjH2K8wX5e0uhAxrw2g=
github.com/ericlagergren/polyval v0.0.0-20220411101811-e25bc10ba391/go.mod h1:K2R7GhgxrlJzHw2qiPWsCZXf/kXEJN9PLnQK73Ll0po=
github.com/ericlagergren/saferand v0.0.0-20220206064634-960a4dd2bc5c h1:RUzBDdZ+e/HEe2Nh8lYsduiPAZygUfVXJn0Ncj5sHMg=
github.com/ericlagergren/saferand v0.0.0-20220206064634-960a4dd2bc5c/go.mod h1:ETASDWf/FmEb6Ysrtd1QhjNedUU/ZQxBCRLh60bQ/UI=
github.com/ericlagergren/siv v0.0.0-20220507050439-0b757b3aa5f1 h1:tlDMEdcPRQKBEz5nGDMvswiajqh7k8ogWRlhRwKy5mY=
github.com/ericlagergren/siv v0.0.0-20220507050439-0b757b3aa5f1/go.mod h1:4RfsapbGx2j/vU5xC/5/9qB3kn9Awp1YDiEnN43QrJ4=
github.com/ericlagergren/subtle v0.0.0-20220507045147-890d697da010 h1:fuGucgPk5dN6wzfnxl3D0D3rVLw4v2SbBT9jb4VnxzA=
github.com/ericlagergren/subtle v0.0.0-20220507045147-890d697da010/go.mod h1:JtBcj7sBuTTRupn7c2bFspMDIObMJsVK8TeUvpShPok=
github.com/gobwas/httphead v0.1.0 h1:exrUm0f4YX0L7EBwZHuCF4GDp8aJfVeBrlLQrs6NqWU=
github.com/gobwas/httphead v0.1.0/go.mod h1:O/RXo79gxV8G+RqlR/otEwx4Q36zl9rqC5u12GKvMCM=
github.com/gobwas/pool v0.2.1 h1:xfeeEhW7pwmX8nuLVlqbzVc7udMDrwetjEv+TZIz1og=
github.com/gobwas/pool v0.2.1/go.mod h1:q8bcK0KcYlCgd9e7WYLm9LpyS+YeLd8JVDW6WezmKEw=
github.com/gobwas/ws v1.4.0 h1:CTaoG1tojrh4ucGPcoJFiAQUAsEWekEWvLy7GsVNqGs=
github.com/gobwas/ws v1.4.0/go.mod h1:G3gNqMNtPppf5XUz7O4shetPpcZ1VJ7zt18dlUeakrc=
github.com/gofrs/uuid/v5 v5.0.0 h1:p544++a97kEL+svbcFbCQVM9KFu0Yo25UoISXGNNH9M=
github.com/gofrs/uuid/v5 v5.0.0/go.mod h1:CDOjlDMVAtN56jqyRUZh58JT31Tiw7/oQyEXZV+9bD8=
github.com/google/go-cmp v0.6.0 h1:ofyhxvXcZhMsU5ulbFiLKl/XBFqE1GSq7atu8tAmTRI=
github.com/google/go-cmp v0.6.0/go.mod h1:17dUlkBOakJ0+DkrSSNjCkIjxS6bF9zb3elmeNGIjoY=
github.com/google/tink/go v1.6.1 h1:t7JHqO8Ath2w2ig5vjwQYJzhGEZymedQc90lQXUBa4I=
github.com/google/tink/go v1.6.1/go.mod h1:IGW53kTgag+st5yPhKKwJ6u2l+SSp5/v9XF7spovjlY=
github.com/insomniacslk/dhcp v0.0.0-20230816195147-b3ca2534940d h1:Ka64cclWedOkGzm9M2/XYuwJUdmWRUozmsxW0PyKA3A=
github.com/insomniacslk/dhcp v0.0.0-20230816195147-b3ca2534940d/go.mod h1:7474bZ1YNCvarT6WFKie4kEET6J0KYRDC4XJqqXzQW4=
github.com/josharian/native v1.0.1-0.20221213033349-c1e37c09b531/go.mod h1:7X/raswPFr05uY3HiLlYeyQntB6OO7E/d2Cu7qoaN2w=
github.com/josharian/native v1.1.0 h1:uuaP0hAbW7Y4l0ZRQ6C9zfb7Mg1mbFKry/xzDAfmtLA=
github.com/josharian/native v1.1.0/go.mod h1:7X/raswPFr05uY3HiLlYeyQntB6OO7E/d2Cu7qoaN2w=
github.com/klauspost/compress v1.17.4 h1:Ej5ixsIri7BrIjBkRZLTo6ghwrEtHFk7ijlczPW4fZ4=
github.com/klauspost/compress v1.17.4/go.mod h1:/dCuZOvVtNoHsyb+cuJD3itjs3NbnF6KH9zAO4BDxPM=
github.com/klauspost/cpuid/v2 v2.0.9 h1:lgaqFMSdTdQYdZ04uHyN2d/eKdOMyi2YLSvlQIBFYa4=
github.com/klauspost/cpuid/v2 v2.0.9/go.mod h1:FInQzS24/EEf25PyTYn52gqo7WaD8xa0213Md/qVLRg=
github.com/mdlayher/netlink v1.7.2 h1:/UtM3ofJap7Vl4QWCPDGXY8d3GIY2UGSDbK+QWmY8/g=
github.com/mdlayher/netlink v1.7.2/go.mod h1:xraEF7uJbxLhc5fpHL4cPe221LI2bdttWlU+ZGLfQSw=
github.com/mdlayher/socket v0.4.1 h1:eM9y2/jlbs1M615oshPQOHZzj6R6wMT7bX5NPiQvn2U=
github.com/mdlayher/socket v0.4.1/go.mod h1:cAqeGjoufqdxWkD7DkpyS+wcefOtmu5OQ8KuoJGIReA=
github.com/metacubex/sing-shadowsocks v0.2.6 h1:6oEB3QcsFYnNiFeoevcXrCwJ3sAablwVSgtE9R3QeFQ=
github.com/metacubex/sing-shadowsocks v0.2.6/go.mod h1:zIkMeSnb8Mbf4hdqhw0pjzkn1d99YJ3JQm/VBg5WMTg=
github.com/metacubex/sing-vmess v0.1.9-0.20231207122118-72303677451f h1:QjXrHKbTMBip/C+R79bvbfr42xH1gZl3uFb0RELdZiQ=
github.com/metacubex/sing-vmess v0.1.9-0.20231207122118-72303677451f/go.mod h1:olVkD4FChQ5gKMHG4ZzuD7+fMkJY1G8vwOKpRehjrmY=
github.com/metacubex/tfo-go v0.0.0-20240523172816-7577e13e1731 h1:zl5xisCG2CzN1QKeIBAgEQntOaj3hhMVF0ATGJmEdxc=
github.com/metacubex/tfo-go v0.0.0-20240523172816-7577e13e1731/go.mod h1:c7bVFM9f5+VzeZ/6Kg77T/jrg1Xp8QpqlSHvG/aXVts=
github.com/metacubex/utls v1.6.6 h1:3D12YKHTf2Z41UPhQU2dWerNWJ5TVQD9gKoQ+H+iLC8=
github.com/metacubex/utls v1.6.6/go.mod h1:+WLFUnXjcpdxXCnyX25nggw8C6YonZ8zOK2Zm/oRvdo=
github.com/miekg/dns v1.1.55 h1:GoQ4hpsj0nFLYe+bWiCToyrBEJXkQfOOIvFGFy0lEgo=
github.com/miekg/dns v1.1.55/go.mod h1:uInx36IzPl7FYnDcMeVWxj9byh7DutNykX4G9Sj60FY=
github.com/mroth/weightedrand/v2 v2.1.0 h1:o1ascnB1CIVzsqlfArQQjeMy1U0NcIbBO5rfd5E/OeU=
github.com/mroth/weightedrand/v2 v2.1.0/go.mod h1:f2faGsfOGOwc1p94wzHKKZyTpcJUW7OJ/9U4yfiNAOU=
github.com/oasisprotocol/deoxysii v0.0.0-20220228165953-2091330c22b7 h1:1102pQc2SEPp5+xrS26wEaeb26sZy6k9/ZXlZN+eXE4=
github.com/oasisprotocol/deoxysii v0.0.0-20220228165953-2091330c22b7/go.mod h1:UqoUn6cHESlliMhOnKLWr+CBH+e3bazUPvFj1XZwAjs=
github.com/oschwald/geoip2-golang v1.9.0 h1:uvD3O6fXAXs+usU+UGExshpdP13GAqp4GBrzN7IgKZc=
github.com/oschwald/geoip2-golang v1.9.0/go.mod h1:BHK6TvDyATVQhKNbQBdrj9eAvuwOMi2zSFXizL3K81Y=
github.com/oschwald/maxminddb-golang v1.11.0 h1:aSXMqYR/EPNjGE8epgqwDay+P30hCBZIveY0WZbAWh0=
github.com/oschwald/maxminddb-golang v1.11.0/go.mod h1:YmVI+H0zh3ySFR3w+oz8PCfglAFj3PuCmui13+P9zDg=
github.com/pierrec/lz4/v4 v4.1.14 h1:+fL8AQEZtz/ijeNnpduH0bROTu0O3NZAlPjQxGn8LwE=
github.com/pierrec/lz4/v4 v4.1.14/go.mod h1:gZWDp/Ze/IJXGXf23ltt2EXimqmTUXEy0GFuRQyBid4=
github.com/pmezard/go-difflib v1.0.0 h1:4DBwDE0NGyQoBHbLQYPwSUPoCMWR5BEzIk/f1lZbAQM=
github.com/pmezard/go-difflib v1.0.0/go.mod h1:iKH77koFhYxTK1pcRnkKkqfTogsbg7gZNVY4sRDYZ/4=
github.com/sagernet/gomobile v0.1.4 h1:WzX9ka+iHdupMgy2Vdich+OAt7TM8C2cZbIbzNjBrJY=
github.com/sagernet/gomobile v0.1.4/go.mod h1:Pqq2+ZVvs10U7xK+UwJgwYWUykewi8H6vlslAO73n9E=
github.com/sagernet/sing v0.2.19-0.20231207034108-445cd4f41e3f h1:hYkBnmJjVphGc4b02b4jN46ojh05vACYZI3ciD/V3pA=
github.com/sagernet/sing v0.2.19-0.20231207034108-445cd4f41e3f/go.mod h1:Ce5LNojQOgOiWhiD8pPD6E9H7e2KgtOe3Zxx4Ou5u80=
github.com/samber/lo v1.38.1 h1:j2XEAqXKb09Am4ebOg31SpvzUTTs6EN3VfgeLUhPdXM=
github.com/samber/lo v1.38.1/go.mod h1:+m/ZKRl6ClXCE2Lgf3MsQlWfh4bn1bz6CXEOxnEXnEA=
github.com/sina-ghaderi/poly1305 v0.0.0-20220724002748-c5926b03988b h1:rXHg9GrUEtWZhEkrykicdND3VPjlVbYiLdX9J7gimS8=
github.com/sina-ghaderi/poly1305 v0.0.0-20220724002748-c5926b03988b/go.mod h1:X7qrxNQViEaAN9LNZOPl9PfvQtp3V3c7LTo0dvGi0fM=
github.com/sina-ghaderi/rabaead v0.0.0-20220730151906-ab6e06b96e8c h1:DjKMC30y6yjG3IxDaeAj3PCoRr+IsO+bzyT+Se2m2Hk=
github.com/sina-ghaderi/rabaead v0.0.0-20220730151906-ab6e06b96e8c/go.mod h1:NV/a66PhhWYVmUMaotlXJ8fIEFB98u+c8l/CQIEFLrU=
github.com/sina-ghaderi/rabbitio v0.0.0-20220730151941-9ce26f4f872e h1:ur8uMsPIFG3i4Gi093BQITvwH9znsz2VUZmnmwHvpIo=
github.com/sina-ghaderi/rabbitio v0.0.0-20220730151941-9ce26f4f872e/go.mod h1:+e5fBW3bpPyo+3uLo513gIUblc03egGjMM0+5GKbzK8=
github.com/sirupsen/logrus v1.9.3 h1:dueUQJ1C2q9oE3F7wvmSGAaVtTmUizReu6fjN8uqzbQ=
github.com/sirupsen/logrus v1.9.3/go.mod h1:naHLuLoDiP4jHNo9R0sCBMtWGeIprob74mVsIT4qYEQ=
github.com/stretchr/objx v0.1.0/go.mod h1:HFkY916IF+rwdDfMAkV7OtwuqBVzrE8GR6GFx+wExME=
github.com/stretchr/testify v1.3.0/go.mod h1:M5WIy9Dh21IEIfnGCwXGc5bZfKNJtfHm1UVUgZn+9EI=
github.com/stretchr/testify v1.7.0/go.mod h1:6Fq8oRcR53rry900zMqJjRRixrwX3KX962/h/Wwjteg=
github.com/stretchr/testify v1.9.0 h1:HtqpIVDClZ4nwg75+f6Lvsy/wHu+3BoSGCbBAcpTsTg=
github.com/stretchr/testify v1.9.0/go.mod h1:r2ic/lqez/lEtzL7wO/rwa5dbSLXVDPFyf8C91i36aY=
github.com/u-root/uio v0.0.0-20230220225925-ffce2a382923 h1:tHNk7XK9GkmKUR6Gh8gVBKXc2MVSZ4G/NnWLtzw4gNA=
github.com/u-root/uio v0.0.0-20230220225925-ffce2a382923/go.mod h1:eLL9Nub3yfAho7qB0MzZizFhTU2QkLeoVsWdHtDW264=
github.com/vishvananda/netlink v1.2.1-beta.2.0.20230420174744-55c8b9515a01 h1:F9xjJm4IH8VjcqG4ujciOF+GIM4mjPkHhWLLzOghPtM=
github.com/vishvananda/netlink v1.2.1-beta.2.0.20230420174744-55c8b9515a01/go.mod h1:cAAsePK2e15YDAMJNyOpGYEWNe4sIghTY7gpz4cX/Ik=
github.com/vishvananda/netns v0.0.0-20200728191858-db3c7e526aae h1:4hwBBUfQCFe3Cym0ZtKyq7L16eZUtYKs+BaHDN6mAns=
github.com/vishvananda/netns v0.0.0-20200728191858-db3c7e526aae/go.mod h1:DD4vA1DwXk04H54A1oHXtwZmA0grkVMdPxx/VGLCah0=
github.com/zhangyunhao116/fastrand v0.5.0 h1:wKbia4TF1cm6xJE19imretZSqcKhWdjShnk2xi+Q7t8=
github.com/zhangyunhao116/fastrand v0.5.0/go.mod h1:vIyo6EyBhjGKpZv6qVlkPl4JVAklpMM4DSKzbAkMguA=
gitlab.com/yawning/bsaes.git v0.0.0-20190805113838-0a714cd429ec h1:FpfFs4EhNehiVfzQttTuxanPIT43FtkkCFypIod8LHo=
gitlab.com/yawning/bsaes.git v0.0.0-20190805113838-0a714cd429ec/go.mod h1:BZ1RAoRPbCxum9Grlv5aeksu2H8BiKehBYooU2LFiOQ=
go.etcd.io/bbolt v1.3.7 h1:j+zJOnnEjF/kyHlDDgGnVL/AIqIJPq8UoB2GSNfkUfQ=
go.etcd.io/bbolt v1.3.7/go.mod h1:N9Mkw9X8x5fupy0IKsmuqVtoGDyxsaDlbk4Rd05IAQw=
go.uber.org/atomic v1.11.0 h1:ZvwS0R+56ePWxUNi+Atn9dWONBPp/AUETXlHW0DxSjE=
go.uber.org/atomic v1.11.0/go.mod h1:LUxbIzbOniOlMKjJjyPfpl4v+PKK2cNJn91OQbhoJI0=
golang.org/x/crypto v0.27.0 h1:GXm2NjJrPaiv/h1tb2UH8QfgC/hOf/+z0p6PT8o1w7A=
golang.org/x/crypto v0.27.0/go.mod h1:1Xngt8kV6Dvbssa53Ziq6Eqn0HqbZi5Z6R0ZpwQzt70=
golang.org/x/exp v0.0.0-20220428152302-39d4317da171 h1:TfdoLivD44QwvssI9Sv1xwa5DcL5XQr4au4sZ2F2NV4=
golang.org/x/exp v0.0.0-20220428152302-39d4317da171/go.mod h1:lgLbSvA5ygNOMpwM/9anMpWVlVJ7Z+cHWq/eFuinpGE=
golang.org/x/mod v0.21.0 h1:vvrHzRwRfVKSiLrG+d4FMl/Qi4ukBCE6kZlTUkDYRT0=
golang.org/x/mod v0.21.0/go.mod h1:6SkKJ3Xj0I0BrPOZoBy3bdMptDDU9oJrpohJ3eWZ1fY=
golang.org/x/net v0.29.0 h1:5ORfpBpCs4HzDYoodCDBbwHzdR5UrLBZ3sOnUJmFoHo=
golang.org/x/net v0.29.0/go.mod h1:gLkgy8jTGERgjzMic6DS9+SP0ajcu6Xu3Orq/SpETg0=
golang.org/x/sync v0.8.0 h1:3NFvSEYkUoMifnESzZl15y791HH1qU2xm6eCJU5ZPXQ=
golang.org/x/sync v0.8.0/go.mod h1:Czt+wKu1gCyEFDUtn0jG5QVvpJ6rzVqr5aXyt9drQfk=
golang.org/x/sys v0.0.0-20190804053845-51ab0e2deafa/go.mod h1:h1NjWce9XRLGQEsW7wpKNCjG9DtNlClVuFLEZdDNbEs=
golang.org/x/sys v0.0.0-20200217220822-9197077df867/go.mod h1:h1NjWce9XRLGQEsW7wpKNCjG9DtNlClVuFLEZdDNbEs=
golang.org/x/sys v0.0.0-20220622161953-175b2fd9d664/go.mod h1:oPkhp1MJrh7nUepCBck5+mAzfO9JrbApNNgaTdGDITg=
golang.org/x/sys v0.0.0-20220715151400-c0bba94af5f8/go.mod h1:oPkhp1MJrh7nUepCBck5+mAzfO9JrbApNNgaTdGDITg=
golang.org/x/sys v0.0.0-20220804214406-8e32c043e418/go.mod h1:oPkhp1MJrh7nUepCBck5+mAzfO9JrbApNNgaTdGDITg=
golang.org/x/sys v0.1.0/go.mod h1:oPkhp1MJrh7nUepCBck5+mAzfO9JrbApNNgaTdGDITg=
golang.org/x/sys v0.6.0/go.mod h1:oPkhp1MJrh7nUepCBck5+mAzfO9JrbApNNgaTdGDITg=
golang.org/x/sys v0.25.0 h1:r+8e+loiHxRqhXVl6ML1nO3l1+oFoWbnlu2Ehimmi34=
golang.org/x/sys v0.25.0/go.mod h1:/VUhepiaJMQUp4+oa/7Zr1D23ma6VTLIYjOOTFZPUcA=
golang.org/x/text v0.18.0 h1:XvMDiNzPAl0jr17s6W9lcaIhGUfUORdGCNsuLmPG224=
golang.org/x/text v0.18.0/go.mod h1:BuEKDfySbSR4drPmRPG/7iBdf8hvFMuRexcpahXilzY=
golang.org/x/tools v0.25.0 h1:oFU9pkj/iJgs+0DT+VMHrx+oBKs/LJMV+Uvg78sl+fE=
golang.org/x/tools v0.25.0/go.mod h1:/vtpO8WL1N9cQC3FN5zPqb//fRXskFHbLKk4OW1Q7rg=
google.golang.org/protobuf v1.34.2 h1:6xV6lTsCfpGD21XK49h7MhtcApnLqkfYgPcdHftf6hg=
google.golang.org/protobuf v1.34.2/go.mod h1:qYOHts0dSfpeUzUFpOMr/WGzszTmLH+DiWniOlNbLDw=
gopkg.in/check.v1 v0.0.0-20161208181325-20d25e280405 h1:yhCVgyC4o1eVCa2tZl7eS0r+SDo693bJlVdllGtEeKM=
gopkg.in/check.v1 v0.0.0-20161208181325-20d25e280405/go.mod h1:Co6ibVJAznAaIkqp8huTwlJQCZ016jof/cbN4VW5Yz0=
gopkg.in/yaml.v3 v3.0.0-20200313102051-9f266ea9e77c/go.mod h1:K4uyk7z7BCEPqu6E+C64Yfv1cQ7kz7rIZviUmN+EgEM=
gopkg.in/yaml.v3 v3.0.1 h1:fxVm/GzAzEWqLHuvctI91KS9hhNmmWOoWu0XTYJS7CA=
gopkg.in/yaml.v3 v3.0.1/go.mod h1:K4uyk7z7BCEPqu6E+C64Yfv1cQ7kz7rIZviUmN+EgEM=
lukechampine.com/blake3 v1.2.1 h1:YuqqRuaqsGV71BV/nm9xlI0MKUv4QC54jQnBChWbGnI=
lukechampine.com/blake3 v1.2.1/go.mod h1:0OFRp7fBtAylGVCO40o87sbupkyIGgbpv1+M1k1LM6k=
